
Microsoft Visual Studio Solution File, Format Version 12.00
# Visual Studio Version 17
VisualStudioVersion = 17.14.36203.30 d17.14
MinimumVisualStudioVersion = 10.0.40219.1
Project("{FAE04EC0-301F-11D3-BF4B-00C04F79EFBC}") = "FacesHunter", "FacesHunter.csproj", "{619734A0-FF32-4D08-A04D-EEE074A4CA06}"
EndProject
Global
	GlobalSection(SolutionConfigurationPlatforms) = preSolution
		Debug|Any CPU = Debug|Any CPU
		Release|Any CPU = Release|Any CPU
	EndGlobalSection
	GlobalSection(ProjectConfigurationPlatforms) = postSolution
		{619734A0-FF32-4D08-A04D-EEE074A4CA06}.Debug|Any CPU.ActiveCfg = Debug|Any CPU
		{619734A0-FF32-4D08-A04D-EEE074A4CA06}.Debug|Any CPU.Build.0 = Debug|Any CPU
		{619734A0-FF32-4D08-A04D-EEE074A4CA06}.Release|Any CPU.ActiveCfg = Release|Any CPU
		{619734A0-FF32-4D08-A04D-EEE074A4CA06}.Release|Any CPU.Build.0 = Release|Any CPU
	EndGlobalSection
	GlobalSection(SolutionProperties) = preSolution
		HideSolutionNode = FALSE
	EndGlobalSection
	GlobalSection(ExtensibilityGlobals) = postSolution
		SolutionGuid = {5B518BBA-FE90-4756-A81D-1705D4EB62A1}
	EndGlobalSection
EndGlobal
